
Microsoft Visual Studio Solution File, Format Version 12.00
# Visual Studio 14
VisualStudioVersion = 14.0.25420.1
MinimumVisualStudioVersion = 10.0.40219.1
Project("{FAE04EC0-301F-11D3-BF4B-00C04F79EFBC}") = "ConfigService", "dynamodb\ConfigService.csproj", "{ABF148B6-E623-4A75-A735-06B29D5CB84B}"
EndProject
Project("{FAE04EC0-301F-11D3-BF4B-00C04F79EFBC}") = "dynamodb.unittests", "dynamodb.unittests\dynamodb.unittests.csproj", "{8EDF4429-251A-416D-BB68-93F227191BCF}"
EndProject
Project("{FAE04EC0-301F-11D3-BF4B-00C04F79EFBC}") = "dynamodb.integrationtests", "dynamodb.integrationtests\dynamodb.integrationtests.csproj", "{ABB72E91-9111-4613-B449-96BB41307DFA}"
EndProject
Project("{FAE04EC0-301F-11D3-BF4B-00C04F79EFBC}") = "ConfigExample", "Config\ConfigExample.csproj", "{A4DB3A6A-7959-4517-844B-4D00AE09436C}"
EndProject
Project("{FAE04EC0-301F-11D3-BF4B-00C04F79EFBC}") = "ConfigApi", "ConfigApi\ConfigApi.csproj", "{BB5E999F-2369-4268-A4B8-ACEA8883F4C0}"
EndProject
Global
	GlobalSection(SolutionConfigurationPlatforms) = preSolution
		Debug|Any CPU = Debug|Any CPU
		Release|Any CPU = Release|Any CPU
	EndGlobalSection
	GlobalSection(ProjectConfigurationPlatforms) = postSolution
		{ABF148B6-E623-4A75-A735-06B29D5CB84B}.Debug|Any CPU.ActiveCfg = Debug|Any CPU
		{ABF148B6-E623-4A75-A735-06B29D5CB84B}.Debug|Any CPU.Build.0 = Debug|Any CPU
		{ABF148B6-E623-4A75-A735-06B29D5CB84B}.Release|Any CPU.ActiveCfg = Release|Any CPU
		{ABF148B6-E623-4A75-A735-06B29D5CB84B}.Release|Any CPU.Build.0 = Release|Any CPU
		{8EDF4429-251A-416D-BB68-93F227191BCF}.Debug|Any CPU.ActiveCfg = Debug|Any CPU
		{8EDF4429-251A-416D-BB68-93F227191BCF}.Debug|Any CPU.Build.0 = Debug|Any CPU
		{8EDF4429-251A-416D-BB68-93F227191BCF}.Release|Any CPU.ActiveCfg = Release|Any CPU
		{8EDF4429-251A-416D-BB68-93F227191BCF}.Release|Any CPU.Build.0 = Release|Any CPU
		{ABB72E91-9111-4613-B449-96BB41307DFA}.Debug|Any CPU.ActiveCfg = Debug|Any CPU
		{ABB72E91-9111-4613-B449-96BB41307DFA}.Debug|Any CPU.Build.0 = Debug|Any CPU
		{ABB72E91-9111-4613-B449-96BB41307DFA}.Release|Any CPU.ActiveCfg = Release|Any CPU
		{ABB72E91-9111-4613-B449-96BB41307DFA}.Release|Any CPU.Build.0 = Release|Any CPU
		{A4DB3A6A-7959-4517-844B-4D00AE09436C}.Debug|Any CPU.ActiveCfg = Debug|Any CPU
		{A4DB3A6A-7959-4517-844B-4D00AE09436C}.Debug|Any CPU.Build.0 = Debug|Any CPU
		{A4DB3A6A-7959-4517-844B-4D00AE09436C}.Release|Any CPU.ActiveCfg = Release|Any CPU
		{A4DB3A6A-7959-4517-844B-4D00AE09436C}.Release|Any CPU.Build.0 = Release|Any CPU
		{BB5E999F-2369-4268-A4B8-ACEA8883F4C0}.Debug|Any CPU.ActiveCfg = Debug|Any CPU
		{BB5E999F-2369-4268-A4B8-ACEA8883F4C0}.Debug|Any CPU.Build.0 = Debug|Any CPU
		{BB5E999F-2369-4268-A4B8-ACEA8883F4C0}.Release|Any CPU.ActiveCfg = Release|Any CPU
		{BB5E999F-2369-4268-A4B8-ACEA8883F4C0}.Release|Any CPU.Build.0 = Release|Any CPU
	EndGlobalSection
	GlobalSection(SolutionProperties) = preSolution
		HideSolutionNode = FALSE
	EndGlobalSection
EndGlobal
